<Project xmlns="http://schemas.microsoft.com/developer/msbuild/2003">
    <PropertyGroup>
        <ProjectGuid>{B51424C7-25B8-43EB-89D2-A43F7E7216EA}</ProjectGuid>
        <ProjectVersion>20.1</ProjectVersion>
        <FrameworkType>VCL</FrameworkType>
        <MainSource>CadCli.dpr</MainSource>
        <Base>True</Base>
        <Config Condition="'$(Config)'==''">Release</Config>
        <Platform Condition="'$(Platform)'==''">Win64</Platform>
        <TargetedPlatforms>2</TargetedPlatforms>
        <AppType>Application</AppType>
        <ProjectName Condition="'$(ProjectName)'==''">CadCli</ProjectName>
    </PropertyGroup>
    <PropertyGroup Condition="'$(Config)'=='Base' or '$(Base)'!=''">
        <Base>true</Base>
    </PropertyGroup>
    <PropertyGroup Condition="('$(Platform)'=='Win32' and '$(Base)'=='true') or '$(Base_Win32)'!=''">
        <Base_Win32>true</Base_Win32>
        <CfgParent>Base</CfgParent>
        <Base>true</Base>
    </PropertyGroup>
    <PropertyGroup Condition="'$(Config)'=='Release' or '$(Cfg_1)'!=''">
        <Cfg_1>true</Cfg_1>
        <CfgParent>Base</CfgParent>
        <Base>true</Base>
    </PropertyGroup>
    <PropertyGroup Condition="('$(Platform)'=='Win32' and '$(Cfg_1)'=='true') or '$(Cfg_1_Win32)'!=''">
        <Cfg_1_Win32>true</Cfg_1_Win32>
        <CfgParent>Cfg_1</CfgParent>
        <Cfg_1>true</Cfg_1>
        <Base>true</Base>
    </PropertyGroup>
    <PropertyGroup Condition="('$(Platform)'=='Win64' and '$(Cfg_1)'=='true') or '$(Cfg_1_Win64)'!=''">
        <Cfg_1_Win64>true</Cfg_1_Win64>
        <CfgParent>Cfg_1</CfgParent>
        <Cfg_1>true</Cfg_1>
        <Base>true</Base>
    </PropertyGroup>
    <PropertyGroup Condition="'$(Base)'!=''">
        <DCC_UnitSearchPath>src\Dominio;src\Aplicacao;src\Infraestrutura;src\Migracoes;src\Visao;$(DCC_UnitSearchPath)</DCC_UnitSearchPath>
        <UsePackages>true</UsePackages>
        <DCC_UsePackage>rtl;vcl;dxCoreRS29;dxComnRS29;dxGDIPlusRS29;cxLibraryRS29;dxBarRS29;$(DCC_UsePackage)</DCC_UsePackage>
        <VerInfo_IncludeVerInfo>true</VerInfo_IncludeVerInfo>
        <VerInfo_MajorVer>1</VerInfo_MajorVer>
        <VerInfo_MinorVer>0</VerInfo_MinorVer>
        <VerInfo_Release>0</VerInfo_Release>
        <VerInfo_Build>0</VerInfo_Build>
        <VerInfo_Keys>CompanyName=;FileDescription=CadCli;FileVersion=1.0.0.0;InternalName=CadCli;LegalCopyright=;LegalTrademarks=;OriginalFilename=CadCli.exe;ProductName=CadCli;ProductVersion=1.0.0.0;Comments=</VerInfo_Keys>
        <VerInfo_Locale>1046</VerInfo_Locale>
        <DCC_Namespace>System;Xml;Data;Datasnap;Web;Soap;Winapi;Vcl;$(DCC_Namespace)</DCC_Namespace>
        <DCC_ExeOutput>bin\$(Platform)\$(Config)</DCC_ExeOutput>
        <DCC_DcuOutput>bin\$(Platform)\$(Config)\dcu</DCC_DcuOutput>
        <DCC_E>false</DCC_E>
        <DCC_N>false</DCC_N>
        <DCC_S>false</DCC_S>
        <DCC_F>false</DCC_F>
        <DCC_K>false</DCC_K>
        <SanitizedProjectName>CadCli</SanitizedProjectName>
        <Icon_MainIcon>assets\marca\CadCli.ico</Icon_MainIcon>
        <UWP_DelphiLogo44>assets\marca\logo-44.png</UWP_DelphiLogo44>
        <UWP_DelphiLogo150>assets\marca\logo-150.png</UWP_DelphiLogo150>
    </PropertyGroup>
    <PropertyGroup Condition="'$(Base_Win32)'!=''">
        <DCC_Namespace>System.Win;Data.Win;Datasnap.Win;Web.Win;Soap.Win;Xml.Win;Bde;$(DCC_Namespace)</DCC_Namespace>
        <BT_BuildType>Debug</BT_BuildType>
        <VerInfo_IncludeVerInfo>true</VerInfo_IncludeVerInfo>
        <VerInfo_Keys>CompanyName=;FileDescription=$(MSBuildProjectName);FileVersion=1.0.0.0;InternalName=;LegalCopyright=;LegalTrademarks=;OriginalFilename=;ProgramID=com.embarcadero.$(MSBuildProjectName);ProductName=$(MSBuildProjectName);ProductVersion=1.0.0.0;Comments=</VerInfo_Keys>
        <VerInfo_Locale>1033</VerInfo_Locale>
        <Manifest_File>$(BDS)\bin\default_app.manifest</Manifest_File>
    </PropertyGroup>
    <PropertyGroup Condition="'$(Cfg_1)'!=''">
        <DCC_DebugInformation>0</DCC_DebugInformation>
        <DCC_LocalDebugSymbols>false</DCC_LocalDebugSymbols>
        <DCC_SymbolReferenceInfo>0</DCC_SymbolReferenceInfo>
        <DCC_Define>RELEASE;$(DCC_Define)</DCC_Define>
    </PropertyGroup>
    <PropertyGroup Condition="'$(Cfg_1_Win32)'!=''">
        <AppDPIAwarenessMode>PerMonitorV2</AppDPIAwarenessMode>
    </PropertyGroup>
    <PropertyGroup Condition="'$(Cfg_1_Win64)'!=''">
        <BT_BuildType>Debug</BT_BuildType>
        <PostBuildEvent><![CDATA[powershell.exe -NoProfile -ExecutionPolicy Bypass -File "$(MSBuildProjectDirectory)\tools\CopiarBplsEntrega.ps1" -Executavel "$(MSBuildProjectDirectory)\$(DCC_ExeOutput)\$(MSBuildProjectName).exe" -Origens "$(BDS)\bin64;$(DXVCL)\Library\RS29\Win64"]]></PostBuildEvent>
        <PostBuildEventCancelOnError>true</PostBuildEventCancelOnError>
        <Manifest_File>$(BDS)\bin\default_app.manifest</Manifest_File>
        <AppDPIAwarenessMode>PerMonitorV2</AppDPIAwarenessMode>
    </PropertyGroup>
    <ItemGroup>
        <DelphiCompile Include="$(MainSource)">
            <MainSource>MainSource</MainSource>
        </DelphiCompile>
        <DCCReference Include="src\Aplicacao\Aplicacao.CatalogoMigracoes.pas"/>
        <DCCReference Include="src\Aplicacao\Aplicacao.ControladorPrincipal.pas"/>
        <DCCReference Include="src\Aplicacao\Aplicacao.ExecutorMigracoes.pas"/>
        <DCCReference Include="src\Aplicacao\Aplicacao.InicializadorAplicacao.pas"/>
        <DCCReference Include="src\Aplicacao\Aplicacao.NavegadorAplicacao.pas"/>
        <DCCReference Include="src\Dominio\Dominio.Migracao.pas"/>
        <DCCReference Include="src\Infraestrutura\Infraestrutura.CaminhosAplicacao.pas"/>
        <DCCReference Include="src\Infraestrutura\Infraestrutura.CatalogoPadraoMigracoes.pas"/>
        <DCCReference Include="src\Infraestrutura\Infraestrutura.ContextoMigracaoFireDAC.pas"/>
        <DCCReference Include="src\Infraestrutura\Infraestrutura.InicializadorBancoFireDAC.pas"/>
        <DCCReference Include="src\Infraestrutura\Infraestrutura.RegistroErroInicializacao.pas"/>
        <DCCReference Include="src\Migracoes\Migracao.V001.EsquemaInicial.pas"/>
        <DCCReference Include="src\Migracoes\Migracao.V002.DadosReferencia.pas"/>
        <DCCReference Include="src\Migracoes\Migracao.V003.ClientesProtegidos.pas"/>
        <DCCReference Include="src\Visao\Visao.ApresentadorErro.pas"/>
        <DCCReference Include="src\Visao\Visao.ComposicaoAplicacao.pas"/>
        <DCCReference Include="src\Visao\Visao.FormPrincipal.pas">
            <Form>FormPrincipal</Form>
            <FormType>dfm</FormType>
        </DCCReference>
        <DCCReference Include="src\Visao\Visao.NavegadorAplicacao.pas"/>
        <DCCReference Include="src\Visao\Visao.VersaoExecutavel.pas"/>
        <DCCReference Include="src\Infraestrutura\Infraestrutura.TransporteHttp.pas"/>
        <DCCReference Include="src\Infraestrutura\Infraestrutura.ServicoViaCep.pas"/>
        <DCCReference Include="src\Infraestrutura\Infraestrutura.RepositorioClienteFireDAC.pas"/>
        <DCCReference Include="src\Visao\Visao.ConfirmacaoDialogo.pas"/>
        <DCCReference Include="src\Visao\Visao.FormPesquisaCliente.pas">
            <Form>FormPesquisaCliente</Form>
            <FormType>dfm</FormType>
        </DCCReference>
        <DCCReference Include="src\Visao\Visao.FormCadastroCliente.pas">
            <Form>FormCadastroCliente</Form>
            <FormType>dfm</FormType>
        </DCCReference>
        <DCCReference Include="src\Visao\Visao.NavegadorClientes.pas"/>
        <DCCReference Include="src\Dominio\Dominio.FiltroRelatorioCliente.pas"/>
        <DCCReference Include="src\Aplicacao\Aplicacao.GeradorRelatorioCliente.pas"/>
        <DCCReference Include="src\Aplicacao\Aplicacao.ControladorRelatorioCliente.pas"/>
        <DCCReference Include="src\Infraestrutura\Infraestrutura.GeradorRelatorioClienteReportBuilder.pas"/>
        <DCCReference Include="src\Visao\Visao.FormFiltroRelatorioCliente.pas">
            <Form>FormFiltroRelatorioCliente</Form>
        </DCCReference>
        <DCCReference Include="src\Visao\Visao.ModuloIconesAcao.pas">
            <Form>ModuloIconesAcao</Form>
            <FormType>dfm</FormType>
            <DesignClass>TDataModule</DesignClass>
        </DCCReference>
        <BuildConfiguration Include="Base">
            <Key>Base</Key>
        </BuildConfiguration>
        <BuildConfiguration Include="Release">
            <Key>Cfg_1</Key>
            <CfgParent>Base</CfgParent>
        </BuildConfiguration>
    </ItemGroup>
    <Import Project="$(BDS)\Bin\CodeGear.Delphi.Targets" Condition="Exists('$(BDS)\Bin\CodeGear.Delphi.Targets')"/>
    <ProjectExtensions>
        <Borland.Personality>Delphi.Personality.12</Borland.Personality>
        <Borland.ProjectType>VCLApplication</Borland.ProjectType>
        <BorlandProject>
            <Delphi.Personality>
                <Source>
                    <Source Name="MainSource">CadCli.dpr</Source>
                </Source>
                <Platforms>
                    <Platform value="Win64">True</Platform>
                </Platforms>
                <Excluded_Packages>
                    <Excluded_Packages Name="$(BDSBIN)\dclofficexp290.bpl">Microsoft Office XP Sample Automation Server Wrapper Components</Excluded_Packages>
                </Excluded_Packages>
            </Delphi.Personality>
            <Platforms>
                <Platform value="Win32">False</Platform>
                <Platform value="Win64">True</Platform>
            </Platforms>
        </BorlandProject>
        <ProjectFileVersion>12</ProjectFileVersion>
    </ProjectExtensions>
    <Import Project="$(APPDATA)\Embarcadero\$(BDSAPPDATABASEDIR)\$(PRODUCTVERSION)\UserTools.proj" Condition="Exists('$(APPDATA)\Embarcadero\$(BDSAPPDATABASEDIR)\$(PRODUCTVERSION)\UserTools.proj')"/>
    <PropertyGroup Condition="'$(Config)'=='Release' And '$(Platform)'=='Win64'">
        <PreBuildEvent/>
        <PreBuildEventIgnoreExitCode>False</PreBuildEventIgnoreExitCode>
        <PreLinkEvent/>
        <PreLinkEventIgnoreExitCode>False</PreLinkEventIgnoreExitCode>
        <PostBuildEvent>powershell.exe -NoProfile -ExecutionPolicy Bypass -File &quot;$(MSBuildProjectDirectory)\tools\CopiarBplsEntrega.ps1&quot; -Executavel &quot;$(MSBuildProjectDirectory)\$(DCC_ExeOutput)\$(MSBuildProjectName).exe&quot; -Origens &quot;$(BDS)\bin64;$(DXVCL)\Library\RS29\Win64&quot;</PostBuildEvent>
        <PostBuildEventIgnoreExitCode>False</PostBuildEventIgnoreExitCode>
    </PropertyGroup>
</Project>
